
Microsoft Visual Studio Solution File, Format Version 12.00
# Visual Studio 15
VisualStudioVersion = 15.0.35213.121
MinimumVisualStudioVersion = 10.0.40219.1
Project("{8BC9CEB8-8B4A-11D0-8D11-00A0C91BC942}") = "TutoriaZero_1", "TutoriaZero_1\TutoriaZero_1.vcxproj", "{95B20693-696F-46D4-A7E3-C2073003C11A}"
EndProject
Global
	GlobalSection(SolutionConfigurationPlatforms) = preSolution
		Debug|x64 = Debug|x64
		Debug|x86 = Debug|x86
		Release|x64 = Release|x64
		Release|x86 = Release|x86
	EndGlobalSection
	GlobalSection(ProjectConfigurationPlatforms) = postSolution
		{95B20693-696F-46D4-A7E3-C2073003C11A}.Debug|x64.ActiveCfg = Debug|x64
		{95B20693-696F-46D4-A7E3-C2073003C11A}.Debug|x64.Build.0 = Debug|x64
		{95B20693-696F-46D4-A7E3-C2073003C11A}.Debug|x86.ActiveCfg = Debug|Win32
		{95B20693-696F-46D4-A7E3-C2073003C11A}.Debug|x86.Build.0 = Debug|Win32
		{95B20693-696F-46D4-A7E3-C2073003C11A}.Release|x64.ActiveCfg = Release|x64
		{95B20693-696F-46D4-A7E3-C2073003C11A}.Release|x64.Build.0 = Release|x64
		{95B20693-696F-46D4-A7E3-C2073003C11A}.Release|x86.ActiveCfg = Release|Win32
		{95B20693-696F-46D4-A7E3-C2073003C11A}.Release|x86.Build.0 = Release|Win32
	EndGlobalSection
	GlobalSection(SolutionProperties) = preSolution
		HideSolutionNode = FALSE
	EndGlobalSection
	GlobalSection(ExtensibilityGlobals) = postSolution
		SolutionGuid = {E551B9FF-4064-4DC7-B2AC-E526B96F666D}
	EndGlobalSection
EndGlobal
